Microsoft Visual Studio Solution File, Format Version 11.00
# Visual Studio 2008

Project("{2D72B3F2-1BDF-33EC-1F61-A607B16D18FD}") = "cpe378", "Assembly-CSharp.csproj", "{50FF6A7D-2127-6EEA-25E4-162392C882D1}"
EndProject
Global
	GlobalSection(SolutionConfigurationPlatforms) = preSolution
		Debug|Any CPU = Debug|Any CPU
		Release|Any CPU = Release|Any CPU
	EndGlobalSection
	GlobalSection(ProjectConfigurationPlatforms) = postSolution
		{50FF6A7D-2127-6EEA-25E4-162392C882D1}.Debug|Any CPU.ActiveCfg = Debug|Any CPU
		{50FF6A7D-2127-6EEA-25E4-162392C882D1}.Debug|Any CPU.Build.0 = Debug|Any CPU
		{50FF6A7D-2127-6EEA-25E4-162392C882D1}.Release|Any CPU.ActiveCfg = Release|Any CPU
		{50FF6A7D-2127-6EEA-25E4-162392C882D1}.Release|Any CPU.Build.0 = Release|Any CPU
	EndGlobalSection
	GlobalSection(SolutionProperties) = preSolution
		HideSolutionNode = FALSE
	EndGlobalSection
	GlobalSection(MonoDevelopProperties) = preSolution
		StartupItem = Assembly-CSharp.csproj
	EndGlobalSection
EndGlobal
