
Microsoft Visual Studio Solution File, Format Version 12.00
# Visual Studio 2015
Project("{FAE04EC0-301F-11D3-BF4B-00C04F79EFBC}") = "final-378.CSharp", "final-378.CSharp.csproj", "{317BB8B8-342A-929D-809F-8524533B007C}"
EndProject
Global
	GlobalSection(SolutionConfigurationPlatforms) = preSolution
		Debug|Any CPU = Debug|Any CPU
		Release|Any CPU = Release|Any CPU
	EndGlobalSection
	GlobalSection(ProjectConfigurationPlatforms) = postSolution
		{317BB8B8-342A-929D-809F-8524533B007C}.Debug|Any CPU.ActiveCfg = Debug|Any CPU
		{317BB8B8-342A-929D-809F-8524533B007C}.Debug|Any CPU.Build.0 = Debug|Any CPU
		{317BB8B8-342A-929D-809F-8524533B007C}.Release|Any CPU.ActiveCfg = Release|Any CPU
		{317BB8B8-342A-929D-809F-8524533B007C}.Release|Any CPU.Build.0 = Release|Any CPU
	EndGlobalSection
	GlobalSection(SolutionProperties) = preSolution
		HideSolutionNode = FALSE
	EndGlobalSection
EndGlobal
